{
  "name": "codekit-project",
  "version": "1.0.0",
  "lockfileVersion": 1,
  "requires": true,
  "dependencies": {
    "gsap": {
      "version": "file:gsap-bonus.tgz",
      "integrity": "sha512-8cZp2/l9gBdFzI7Dpojh8tVPRDFivowSX8N3jl42zecPv8SXdysx4GrJcwVJz4Bl/pamFZdi17s85m4Bq5/pcQ=="
    }
  }
}
